<?xml version="1.0" encoding="utf-8"?>
<Project ToolsVersion="4.0" xmlns="http://schemas.microsoft.com/developer/msbuild/2003">
  <ItemGroup>
    <Filter Include="Source Files">
      <UniqueIdentifier>{4FC737F1-C7A5-4376-A066-2A32D752A2FF}</UniqueIdentifier>
      <Extensions>cpp;c;cc;cxx;def;odl;idl;hpj;bat;asm;asmx</Extensions>
    </Filter>
    <Filter Include="Header Files">
      <UniqueIdentifier>{93995380-89BD-4b04-88EB-625FBE52EBFB}</UniqueIdentifier>
      <Extensions>h;hh;hpp;hxx;hm;inl;inc;xsd</Extensions>
    </Filter>
    <Filter Include="Resource Files">
      <UniqueIdentifier>{67DA6AB6-F800-4c08-8B7A-83BB121AAD01}</UniqueIdentifier>
      <Extensions>rc;ico;cur;bmp;dlg;rc2;rct;bin;rgs;gif;jpg;jpeg;jpe;resx;tiff;tif;png;wav;mfcribbon-ms</Extensions>
    </Filter>
  </ItemGroup>
  <ItemGroup>
    <Text Include="ReadMe.txt" />
  </ItemGroup>
  <ItemGroup>
    <ClInclude Include="NetJoin.h">
      <Filter>Header Files</Filter>
    </ClInclude>
    <ClInclude Include="NetJoin\Service.h">
      <Filter>Header Files</Filter>
    </ClInclude>
    <ClInclude Include="NetJoin\Communicator.h">
      <Filter>Header Files</Filter>
    </ClInclude>
    <ClInclude Include="NetJoin\Dispatcher.h">
      <Filter>Header Files</Filter>
    </ClInclude>
    <ClInclude Include="NetJoin\NetworkListener.h">
      <Filter>Header Files</Filter>
    </ClInclude>
    <ClInclude Include="NetJoin\Listeners\TCPListener.h">
      <Filter>Header Files</Filter>
    </ClInclude>
    <ClInclude Include="NetJoin\Config.h">
      <Filter>Header Files</Filter>
    </ClInclude>
    <ClInclude Include="NetJoin\Communicators\FileTransfer.h">
      <Filter>Header Files</Filter>
    </ClInclude>
    <ClInclude Include="NetJoin\Command.h">
      <Filter>Header Files</Filter>
    </ClInclude>
    <ClInclude Include="NetJoin\Message.h">
      <Filter>Header Files</Filter>
    </ClInclude>
    <ClInclude Include="NetJoin\Connection.h">
      <Filter>Header Files</Filter>
    </ClInclude>
    <ClInclude Include="NetJoin\Sockets.h">
      <Filter>Header Files</Filter>
    </ClInclude>
    <ClInclude Include="NetJoin\BlockingQueue.h">
      <Filter>Header Files</Filter>
    </ClInclude>
    <ClInclude Include="NetJoin\ConnectionHandler.h">
      <Filter>Header Files</Filter>
    </ClInclude>
    <ClInclude Include="NetJoin\FileSystem.h">
      <Filter>Header Files</Filter>
    </ClInclude>
    <ClInclude Include="NetJoin\Connections\TCPConnection.h">
      <Filter>Header Files</Filter>
    </ClInclude>
    <ClInclude Include="NetJoin\StatusMessage.h">
      <Filter>Header Files</Filter>
    </ClInclude>
  </ItemGroup>
  <ItemGroup>
    <ClCompile Include="NetJoin\Service.cpp">
      <Filter>Source Files</Filter>
    </ClCompile>
    <ClCompile Include="NetJoin\Dispatcher.cpp">
      <Filter>Source Files</Filter>
    </ClCompile>
    <ClCompile Include="NetJoin\Listeners\TCPListener.cpp">
      <Filter>Source Files</Filter>
    </ClCompile>
    <ClCompile Include="NetJoin\Communicators\FileTransfer.cpp">
      <Filter>Source Files</Filter>
    </ClCompile>
    <ClCompile Include="NetJoin\Sockets.cpp">
      <Filter>Source Files</Filter>
    </ClCompile>
    <ClCompile Include="NetJoin\BlockingQueue.cpp">
      <Filter>Source Files</Filter>
    </ClCompile>
    <ClCompile Include="NetJoin\ConnectionHandler.cpp">
      <Filter>Source Files</Filter>
    </ClCompile>
    <ClCompile Include="NetJoin\FileSystem.cpp">
      <Filter>Source Files</Filter>
    </ClCompile>
    <ClCompile Include="NetJoin\Connections\TCPConnection.cpp">
      <Filter>Source Files</Filter>
    </ClCompile>
    <ClCompile Include="NetJoin\Message.cpp">
      <Filter>Source Files</Filter>
    </ClCompile>
    <ClCompile Include="NetJoin\Command.cpp">
      <Filter>Source Files</Filter>
    </ClCompile>
    <ClCompile Include="NetJoin\StatusMessage.cpp">
      <Filter>Source Files</Filter>
    </ClCompile>
    <ClCompile Include="NetJoin\Config.cpp">
      <Filter>Source Files</Filter>
    </ClCompile>
  </ItemGroup>
</Project>